
Microsoft Visual Studio Solution File, Format Version 12.00
# Visual Studio Version 17
VisualStudioVersion = 17.14.36603.0
MinimumVisualStudioVersion = 10.0.40219.1
Project("{2150E333-8FDC-42A3-9474-1A3956D46DE8}") = "Task0", "Task0", "{02EA681E-C7D8-13C7-8484-4AC65E1B71E8}"
EndProject
Project("{FAE04EC0-301F-11D3-BF4B-00C04F79EFBC}") = "Tyuiu.chernyhim.Sprint4.Task0.V13", "Tyuiu.chernyhim.Sprint4.Task0.V13\Tyuiu.chernyhim.Sprint4.Task0.V13.csproj", "{F9BF0A74-BC51-4DA9-8240-A402EF45EB5F}"
EndProject
Project("{FAE04EC0-301F-11D3-BF4B-00C04F79EFBC}") = "Tyuiu.chernyhim.Sprint4.Task0.V13.Lib", "Tyuiu.chernyhim.Sprint4.Task0.V13.Lib\Tyuiu.chernyhim.Sprint4.Task0.V13.Lib.csproj", "{FA40026D-8586-48A7-8A2A-83558CBD2EE7}"
EndProject
Project("{FAE04EC0-301F-11D3-BF4B-00C04F79EFBC}") = "Tyuiu.chernyhim.Sprint4.Task0.V13.Test", "Tyuiu.chernyhim.Sprint4.Task0.V13.Test\Tyuiu.chernyhim.Sprint4.Task0.V13.Test.csproj", "{9E0692DC-5F50-4B21-BB77-6E5DD5BE6028}"
EndProject
Project("{2150E333-8FDC-42A3-9474-1A3956D46DE8}") = "Task1", "Task1", "{E08D766F-EB75-4DDD-ABE2-AAE96D2A724F}"
EndProject
Project("{FAE04EC0-301F-11D3-BF4B-00C04F79EFBC}") = "Tyuiu.chernyhim.Sprint4.Task1.V26", "Tyuiu.chernyhim.Sprint4.Task1.V26\Tyuiu.chernyhim.Sprint4.Task1.V26.csproj", "{A293C6C1-F380-4BD2-9C5A-DA26AADD5526}"
EndProject
Project("{FAE04EC0-301F-11D3-BF4B-00C04F79EFBC}") = "Tyuiu.chernyhim.Sprint4.Task1.V26.Lib", "Tyuiu.chernyhim.Sprint4.Task1.V26.Lib\Tyuiu.chernyhim.Sprint4.Task1.V26.Lib.csproj", "{316E7E32-B96F-45F6-B8B4-2111DEFF3BBC}"
EndProject
Project("{FAE04EC0-301F-11D3-BF4B-00C04F79EFBC}") = "Tyuiu.chernyhim.Sprint4.Task1.V26.Test", "Tyuiu.chernyhim.Sprint4.Task1.V26.Test\Tyuiu.chernyhim.Sprint4.Task1.V26.Test.csproj", "{3E1E4897-80B3-4119-A0F5-289A191F5757}"
EndProject
Project("{2150E333-8FDC-42A3-9474-1A3956D46DE8}") = "Task2", "Task2", "{B2F01D95-96F6-4E0D-A66F-DAAA6C37A57F}"
EndProject
Project("{FAE04EC0-301F-11D3-BF4B-00C04F79EFBC}") = "Tyuiu.chernyhim.Sprint4.Task2.V29", "Tyuiu.chernyhim.Sprint4.Task2.V29\Tyuiu.chernyhim.Sprint4.Task2.V29.csproj", "{A4D1ED36-27EA-4C0F-A50F-CBD9071FF89E}"
EndProject
Project("{FAE04EC0-301F-11D3-BF4B-00C04F79EFBC}") = "Tyuiu.chernyhim.Sprint4.Task2.V29.Test", "Tyuiu.chernyhim.Sprint4.Task2.V29.Test\Tyuiu.chernyhim.Sprint4.Task2.V29.Test.csproj", "{09714041-2479-416D-BC4E-8DA9FAE7FAF8}"
EndProject
Project("{FAE04EC0-301F-11D3-BF4B-00C04F79EFBC}") = "Tyuiu.chernyhim.Sprint4.Task2.V29.Lib", "Tyuiu.chernyhim.Sprint4.Task2.V29.Lib\Tyuiu.chernyhim.Sprint4.Task2.V29.Lib.csproj", "{B779C3B2-3A2A-4607-A192-8B4A2D1D6D98}"
EndProject
Project("{2150E333-8FDC-42A3-9474-1A3956D46DE8}") = "Task3", "Task3", "{22419212-1F24-4F1D-8947-9BA7B717424E}"
EndProject
Project("{FAE04EC0-301F-11D3-BF4B-00C04F79EFBC}") = "Tyuiu.chernyhim.Sprint4.Task3.V30", "Tyuiu.chernyhim.Sprint4.Task3.V30\Tyuiu.chernyhim.Sprint4.Task3.V30.csproj", "{1475E03B-9FCC-4645-A435-FFD7F42852FF}"
EndProject
Project("{FAE04EC0-301F-11D3-BF4B-00C04F79EFBC}") = "Tyuiu.chernyhim.Sprint4.Task3.V30.Lib", "Tyuiu.chernyhim.Sprint4.Task3.V30.Lib\Tyuiu.chernyhim.Sprint4.Task3.V30.Lib.csproj", "{FE9999FB-7DE8-4676-AFA7-ECACC936DDAF}"
EndProject
Project("{FAE04EC0-301F-11D3-BF4B-00C04F79EFBC}") = "Tyuiu.chernyhim.Sprint4.Task3.V30.Test", "Tyuiu.chernyhim.Sprint4.Task3.V30.Test\Tyuiu.chernyhim.Sprint4.Task3.V30.Test.csproj", "{6C677E2E-AB83-48EB-AD8C-41CBDF696C6F}"
EndProject
Global
	GlobalSection(SolutionConfigurationPlatforms) = preSolution
		Debug|Any CPU = Debug|Any CPU
		Release|Any CPU = Release|Any CPU
	EndGlobalSection
	GlobalSection(ProjectConfigurationPlatforms) = postSolution
		{F9BF0A74-BC51-4DA9-8240-A402EF45EB5F}.Debug|Any CPU.ActiveCfg = Debug|Any CPU
		{F9BF0A74-BC51-4DA9-8240-A402EF45EB5F}.Debug|Any CPU.Build.0 = Debug|Any CPU
		{F9BF0A74-BC51-4DA9-8240-A402EF45EB5F}.Release|Any CPU.ActiveCfg = Release|Any CPU
		{F9BF0A74-BC51-4DA9-8240-A402EF45EB5F}.Release|Any CPU.Build.0 = Release|Any CPU
		{FA40026D-8586-48A7-8A2A-83558CBD2EE7}.Debug|Any CPU.ActiveCfg = Debug|Any CPU
		{FA40026D-8586-48A7-8A2A-83558CBD2EE7}.Debug|Any CPU.Build.0 = Debug|Any CPU
		{FA40026D-8586-48A7-8A2A-83558CBD2EE7}.Release|Any CPU.ActiveCfg = Release|Any CPU
		{FA40026D-8586-48A7-8A2A-83558CBD2EE7}.Release|Any CPU.Build.0 = Release|Any CPU
		{9E0692DC-5F50-4B21-BB77-6E5DD5BE6028}.Debug|Any CPU.ActiveCfg = Debug|Any CPU
		{9E0692DC-5F50-4B21-BB77-6E5DD5BE6028}.Debug|Any CPU.Build.0 = Debug|Any CPU
		{9E0692DC-5F50-4B21-BB77-6E5DD5BE6028}.Release|Any CPU.ActiveCfg = Release|Any CPU
		{9E0692DC-5F50-4B21-BB77-6E5DD5BE6028}.Release|Any CPU.Build.0 = Release|Any CPU
		{A293C6C1-F380-4BD2-9C5A-DA26AADD5526}.Debug|Any CPU.ActiveCfg = Debug|Any CPU
		{A293C6C1-F380-4BD2-9C5A-DA26AADD5526}.Debug|Any CPU.Build.0 = Debug|Any CPU
		{A293C6C1-F380-4BD2-9C5A-DA26AADD5526}.Release|Any CPU.ActiveCfg = Release|Any CPU
		{A293C6C1-F380-4BD2-9C5A-DA26AADD5526}.Release|Any CPU.Build.0 = Release|Any CPU
		{316E7E32-B96F-45F6-B8B4-2111DEFF3BBC}.Debug|Any CPU.ActiveCfg = Debug|Any CPU
		{316E7E32-B96F-45F6-B8B4-2111DEFF3BBC}.Debug|Any CPU.Build.0 = Debug|Any CPU
		{316E7E32-B96F-45F6-B8B4-2111DEFF3BBC}.Release|Any CPU.ActiveCfg = Release|Any CPU
		{316E7E32-B96F-45F6-B8B4-2111DEFF3BBC}.Release|Any CPU.Build.0 = Release|Any CPU
		{3E1E4897-80B3-4119-A0F5-289A191F5757}.Debug|Any CPU.ActiveCfg = Debug|Any CPU
		{3E1E4897-80B3-4119-A0F5-289A191F5757}.Debug|Any CPU.Build.0 = Debug|Any CPU
		{3E1E4897-80B3-4119-A0F5-289A191F5757}.Release|Any CPU.ActiveCfg = Release|Any CPU
		{3E1E4897-80B3-4119-A0F5-289A191F5757}.Release|Any CPU.Build.0 = Release|Any CPU
		{A4D1ED36-27EA-4C0F-A50F-CBD9071FF89E}.Debug|Any CPU.ActiveCfg = Debug|Any CPU
		{A4D1ED36-27EA-4C0F-A50F-CBD9071FF89E}.Debug|Any CPU.Build.0 = Debug|Any CPU
		{A4D1ED36-27EA-4C0F-A50F-CBD9071FF89E}.Release|Any CPU.ActiveCfg = Release|Any CPU
		{A4D1ED36-27EA-4C0F-A50F-CBD9071FF89E}.Release|Any CPU.Build.0 = Release|Any CPU
		{09714041-2479-416D-BC4E-8DA9FAE7FAF8}.Debug|Any CPU.ActiveCfg = Debug|Any CPU
		{09714041-2479-416D-BC4E-8DA9FAE7FAF8}.Debug|Any CPU.Build.0 = Debug|Any CPU
		{09714041-2479-416D-BC4E-8DA9FAE7FAF8}.Release|Any CPU.ActiveCfg = Release|Any CPU
		{09714041-2479-416D-BC4E-8DA9FAE7FAF8}.Release|Any CPU.Build.0 = Release|Any CPU
		{B779C3B2-3A2A-4607-A192-8B4A2D1D6D98}.Debug|Any CPU.ActiveCfg = Debug|Any CPU
		{B779C3B2-3A2A-4607-A192-8B4A2D1D6D98}.Debug|Any CPU.Build.0 = Debug|Any CPU
		{B779C3B2-3A2A-4607-A192-8B4A2D1D6D98}.Release|Any CPU.ActiveCfg = Release|Any CPU
		{B779C3B2-3A2A-4607-A192-8B4A2D1D6D98}.Release|Any CPU.Build.0 = Release|Any CPU
		{1475E03B-9FCC-4645-A435-FFD7F42852FF}.Debug|Any CPU.ActiveCfg = Debug|Any CPU
		{1475E03B-9FCC-4645-A435-FFD7F42852FF}.Debug|Any CPU.Build.0 = Debug|Any CPU
		{1475E03B-9FCC-4645-A435-FFD7F42852FF}.Release|Any CPU.ActiveCfg = Release|Any CPU
		{1475E03B-9FCC-4645-A435-FFD7F42852FF}.Release|Any CPU.Build.0 = Release|Any CPU
		{FE9999FB-7DE8-4676-AFA7-ECACC936DDAF}.Debug|Any CPU.ActiveCfg = Debug|Any CPU
		{FE9999FB-7DE8-4676-AFA7-ECACC936DDAF}.Debug|Any CPU.Build.0 = Debug|Any CPU
		{FE9999FB-7DE8-4676-AFA7-ECACC936DDAF}.Release|Any CPU.ActiveCfg = Release|Any CPU
		{FE9999FB-7DE8-4676-AFA7-ECACC936DDAF}.Release|Any CPU.Build.0 = Release|Any CPU
		{6C677E2E-AB83-48EB-AD8C-41CBDF696C6F}.Debug|Any CPU.ActiveCfg = Debug|Any CPU
		{6C677E2E-AB83-48EB-AD8C-41CBDF696C6F}.Debug|Any CPU.Build.0 = Debug|Any CPU
		{6C677E2E-AB83-48EB-AD8C-41CBDF696C6F}.Release|Any CPU.ActiveCfg = Release|Any CPU
		{6C677E2E-AB83-48EB-AD8C-41CBDF696C6F}.Release|Any CPU.Build.0 = Release|Any CPU
	EndGlobalSection
	GlobalSection(SolutionProperties) = preSolution
		HideSolutionNode = FALSE
	EndGlobalSection
	GlobalSection(NestedProjects) = preSolution
		{F9BF0A74-BC51-4DA9-8240-A402EF45EB5F} = {02EA681E-C7D8-13C7-8484-4AC65E1B71E8}
		{FA40026D-8586-48A7-8A2A-83558CBD2EE7} = {02EA681E-C7D8-13C7-8484-4AC65E1B71E8}
		{9E0692DC-5F50-4B21-BB77-6E5DD5BE6028} = {02EA681E-C7D8-13C7-8484-4AC65E1B71E8}
		{A293C6C1-F380-4BD2-9C5A-DA26AADD5526} = {E08D766F-EB75-4DDD-ABE2-AAE96D2A724F}
		{316E7E32-B96F-45F6-B8B4-2111DEFF3BBC} = {E08D766F-EB75-4DDD-ABE2-AAE96D2A724F}
		{3E1E4897-80B3-4119-A0F5-289A191F5757} = {E08D766F-EB75-4DDD-ABE2-AAE96D2A724F}
		{A4D1ED36-27EA-4C0F-A50F-CBD9071FF89E} = {B2F01D95-96F6-4E0D-A66F-DAAA6C37A57F}
		{09714041-2479-416D-BC4E-8DA9FAE7FAF8} = {B2F01D95-96F6-4E0D-A66F-DAAA6C37A57F}
		{B779C3B2-3A2A-4607-A192-8B4A2D1D6D98} = {B2F01D95-96F6-4E0D-A66F-DAAA6C37A57F}
		{1475E03B-9FCC-4645-A435-FFD7F42852FF} = {22419212-1F24-4F1D-8947-9BA7B717424E}
		{FE9999FB-7DE8-4676-AFA7-ECACC936DDAF} = {22419212-1F24-4F1D-8947-9BA7B717424E}
		{6C677E2E-AB83-48EB-AD8C-41CBDF696C6F} = {22419212-1F24-4F1D-8947-9BA7B717424E}
	EndGlobalSection
	GlobalSection(ExtensibilityGlobals) = postSolution
		SolutionGuid = {321B9C5D-0140-45FB-80CF-49FCA7F1F15C}
	EndGlobalSection
EndGlobal
